
Microsoft Visual Studio Solution File, Format Version 12.00
# Visual Studio 15
Project("{FAE04EC0-301F-11D3-BF4B-00C04F79EFBC}") = "BootcampStoreForms.Android", "BootcampStoreForms.Android\BootcampStoreForms.Android.csproj", "{06F072E3-DA42-404E-95D6-973C23EE1BE4}"
EndProject
Project("{FAE04EC0-301F-11D3-BF4B-00C04F79EFBC}") = "BootcampStoreForms.iOS", "BootcampStoreForms.iOS\BootcampStoreForms.iOS.csproj", "{0A728E5E-CE2E-41D8-B05A-5986A5E55172}"
EndProject
Project("{FAE04EC0-301F-11D3-BF4B-00C04F79EFBC}") = "BootcampStoreForms", "BootcampStoreForms\BootcampStoreForms.csproj", "{2DF93737-032A-42F6-AB98-EADE19EFDC47}"
EndProject
Global
	GlobalSection(SolutionConfigurationPlatforms) = preSolution
		Debug|Any CPU = Debug|Any CPU
		Release|Any CPU = Release|Any CPU
		Debug|iPhoneSimulator = Debug|iPhoneSimulator
		Release|iPhoneSimulator = Release|iPhoneSimulator
		Debug|iPhone = Debug|iPhone
		Release|iPhone = Release|iPhone
	EndGlobalSection
	GlobalSection(ProjectConfigurationPlatforms) = postSolution
		{06F072E3-DA42-404E-95D6-973C23EE1BE4}.Debug|Any CPU.ActiveCfg = Debug|Any CPU
		{06F072E3-DA42-404E-95D6-973C23EE1BE4}.Debug|Any CPU.Build.0 = Debug|Any CPU
		{06F072E3-DA42-404E-95D6-973C23EE1BE4}.Release|Any CPU.ActiveCfg = Release|Any CPU
		{06F072E3-DA42-404E-95D6-973C23EE1BE4}.Release|Any CPU.Build.0 = Release|Any CPU
		{06F072E3-DA42-404E-95D6-973C23EE1BE4}.Debug|iPhoneSimulator.ActiveCfg = Debug|Any CPU
		{06F072E3-DA42-404E-95D6-973C23EE1BE4}.Debug|iPhoneSimulator.Build.0 = Debug|Any CPU
		{06F072E3-DA42-404E-95D6-973C23EE1BE4}.Release|iPhoneSimulator.ActiveCfg = Release|Any CPU
		{06F072E3-DA42-404E-95D6-973C23EE1BE4}.Release|iPhoneSimulator.Build.0 = Release|Any CPU
		{06F072E3-DA42-404E-95D6-973C23EE1BE4}.Debug|iPhone.ActiveCfg = Debug|Any CPU
		{06F072E3-DA42-404E-95D6-973C23EE1BE4}.Debug|iPhone.Build.0 = Debug|Any CPU
		{06F072E3-DA42-404E-95D6-973C23EE1BE4}.Release|iPhone.ActiveCfg = Release|Any CPU
		{06F072E3-DA42-404E-95D6-973C23EE1BE4}.Release|iPhone.Build.0 = Release|Any CPU
		{0A728E5E-CE2E-41D8-B05A-5986A5E55172}.Debug|Any CPU.ActiveCfg = Debug|iPhoneSimulator
		{0A728E5E-CE2E-41D8-B05A-5986A5E55172}.Debug|Any CPU.Build.0 = Debug|iPhoneSimulator
		{0A728E5E-CE2E-41D8-B05A-5986A5E55172}.Release|Any CPU.ActiveCfg = Release|iPhoneSimulator
		{0A728E5E-CE2E-41D8-B05A-5986A5E55172}.Release|Any CPU.Build.0 = Release|iPhoneSimulator
		{0A728E5E-CE2E-41D8-B05A-5986A5E55172}.Debug|iPhoneSimulator.ActiveCfg = Debug|iPhoneSimulator
		{0A728E5E-CE2E-41D8-B05A-5986A5E55172}.Debug|iPhoneSimulator.Build.0 = Debug|iPhoneSimulator
		{0A728E5E-CE2E-41D8-B05A-5986A5E55172}.Release|iPhoneSimulator.ActiveCfg = Release|iPhoneSimulator
		{0A728E5E-CE2E-41D8-B05A-5986A5E55172}.Release|iPhoneSimulator.Build.0 = Release|iPhoneSimulator
		{0A728E5E-CE2E-41D8-B05A-5986A5E55172}.Debug|iPhone.ActiveCfg = Debug|iPhone
		{0A728E5E-CE2E-41D8-B05A-5986A5E55172}.Debug|iPhone.Build.0 = Debug|iPhone
		{0A728E5E-CE2E-41D8-B05A-5986A5E55172}.Release|iPhone.ActiveCfg = Release|iPhone
		{0A728E5E-CE2E-41D8-B05A-5986A5E55172}.Release|iPhone.Build.0 = Release|iPhone
		{2DF93737-032A-42F6-AB98-EADE19EFDC47}.Debug|Any CPU.ActiveCfg = Debug|Any CPU
		{2DF93737-032A-42F6-AB98-EADE19EFDC47}.Debug|Any CPU.Build.0 = Debug|Any CPU
		{2DF93737-032A-42F6-AB98-EADE19EFDC47}.Release|Any CPU.ActiveCfg = Release|Any CPU
		{2DF93737-032A-42F6-AB98-EADE19EFDC47}.Release|Any CPU.Build.0 = Release|Any CPU
		{2DF93737-032A-42F6-AB98-EADE19EFDC47}.Debug|iPhoneSimulator.ActiveCfg = Debug|Any CPU
		{2DF93737-032A-42F6-AB98-EADE19EFDC47}.Debug|iPhoneSimulator.Build.0 = Debug|Any CPU
		{2DF93737-032A-42F6-AB98-EADE19EFDC47}.Release|iPhoneSimulator.ActiveCfg = Release|Any CPU
		{2DF93737-032A-42F6-AB98-EADE19EFDC47}.Release|iPhoneSimulator.Build.0 = Release|Any CPU
		{2DF93737-032A-42F6-AB98-EADE19EFDC47}.Debug|iPhone.ActiveCfg = Debug|Any CPU
		{2DF93737-032A-42F6-AB98-EADE19EFDC47}.Debug|iPhone.Build.0 = Debug|Any CPU
		{2DF93737-032A-42F6-AB98-EADE19EFDC47}.Release|iPhone.ActiveCfg = Release|Any CPU
		{2DF93737-032A-42F6-AB98-EADE19EFDC47}.Release|iPhone.Build.0 = Release|Any CPU
	EndGlobalSection
EndGlobal
